
Microsoft Visual Studio Solution File, Format Version 12.00
# Visual Studio Version 17
VisualStudioVersion = 17.11.35431.28
MinimumVisualStudioVersion = 10.0.40219.1
Project("{FAE04EC0-301F-11D3-BF4B-00C04F79EFBC}") = "SemesterProjectApp", "SemesterProjectApp.csproj", "{EC9A991F-E2CC-4BB9-9D1C-F33141A31418}"
EndProject
Global
	GlobalSection(SolutionConfigurationPlatforms) = preSolution
		Debug|Any CPU = Debug|Any CPU
		Release|Any CPU = Release|Any CPU
	EndGlobalSection
	GlobalSection(ProjectConfigurationPlatforms) = postSolution
		{EC9A991F-E2CC-4BB9-9D1C-F33141A31418}.Debug|Any CPU.ActiveCfg = Debug|Any CPU
		{EC9A991F-E2CC-4BB9-9D1C-F33141A31418}.Debug|Any CPU.Build.0 = Debug|Any CPU
		{EC9A991F-E2CC-4BB9-9D1C-F33141A31418}.Release|Any CPU.ActiveCfg = Release|Any CPU
		{EC9A991F-E2CC-4BB9-9D1C-F33141A31418}.Release|Any CPU.Build.0 = Release|Any CPU
	EndGlobalSection
	GlobalSection(SolutionProperties) = preSolution
		HideSolutionNode = FALSE
	EndGlobalSection
	GlobalSection(ExtensibilityGlobals) = postSolution
		SolutionGuid = {46CB22DD-85A1-45DE-AB45-E77F6B535E4F}
	EndGlobalSection
EndGlobal
